
Microsoft Visual Studio Solution File, Format Version 12.00
# Visual Studio Version 17
VisualStudioVersion = 17.4.33122.133
MinimumVisualStudioVersion = 10.0.40219.1
Project("{FAE04EC0-301F-11D3-BF4B-00C04F79EFBC}") = "BookShop", "BookShop\BookShop.csproj", "{79341866-5884-4DCF-BBC1-5F89FB0690FB}"
EndProject
Global
	GlobalSection(SolutionConfigurationPlatforms) = preSolution
		Debug|Any CPU = Debug|Any CPU
		Release|Any CPU = Release|Any CPU
	EndGlobalSection
	GlobalSection(ProjectConfigurationPlatforms) = postSolution
		{79341866-5884-4DCF-BBC1-5F89FB0690FB}.Debug|Any CPU.ActiveCfg = Debug|Any CPU
		{79341866-5884-4DCF-BBC1-5F89FB0690FB}.Debug|Any CPU.Build.0 = Debug|Any CPU
		{79341866-5884-4DCF-BBC1-5F89FB0690FB}.Release|Any CPU.ActiveCfg = Release|Any CPU
		{79341866-5884-4DCF-BBC1-5F89FB0690FB}.Release|Any CPU.Build.0 = Release|Any CPU
	EndGlobalSection
	GlobalSection(SolutionProperties) = preSolution
		HideSolutionNode = FALSE
	EndGlobalSection
	GlobalSection(ExtensibilityGlobals) = postSolution
		SolutionGuid = {48F114B5-B1C0-45A5-B49A-511EB6676936}
	EndGlobalSection
EndGlobal
